
Microsoft Visual Studio Solution File, Format Version 12.00
# Visual Studio Version 17
VisualStudioVersion = 17.0.31903.59
MinimumVisualStudioVersion = 10.0.40219.1
Project("{FAE04EC0-301F-11D3-BF4B-00C04F79EFBC}") = "OpenCompote", "OpenCompote\OpenCompote.csproj", "{C8F191EC-FDFA-4ABF-9D56-F2D9C36E0DB1}"
EndProject
Project("{FAE04EC0-301F-11D3-BF4B-00C04F79EFBC}") = "OpenCompote.Cli", "OpenCompote.Cli\OpenCompote.Cli.csproj", "{5990AD1B-C9ED-4D2E-9057-3A47724A3DF3}"
EndProject
Project("{FAE04EC0-301F-11D3-BF4B-00C04F79EFBC}") = "OpenCompote.Tests", "OpenCompote.Tests\OpenCompote.Tests.csproj", "{27B769E2-CB3D-4870-A1BB-5AD482A7A939}"
EndProject
Global
	GlobalSection(SolutionConfigurationPlatforms) = preSolution
		Debug|Any CPU = Debug|Any CPU
		Debug|x64 = Debug|x64
		Debug|x86 = Debug|x86
		Release|Any CPU = Release|Any CPU
		Release|x64 = Release|x64
		Release|x86 = Release|x86
	EndGlobalSection
	GlobalSection(ProjectConfigurationPlatforms) = postSolution
		{C8F191EC-FDFA-4ABF-9D56-F2D9C36E0DB1}.Debug|Any CPU.ActiveCfg = Debug|Any CPU
		{C8F191EC-FDFA-4ABF-9D56-F2D9C36E0DB1}.Debug|Any CPU.Build.0 = Debug|Any CPU
		{C8F191EC-FDFA-4ABF-9D56-F2D9C36E0DB1}.Debug|x64.ActiveCfg = Debug|Any CPU
		{C8F191EC-FDFA-4ABF-9D56-F2D9C36E0DB1}.Debug|x64.Build.0 = Debug|Any CPU
		{C8F191EC-FDFA-4ABF-9D56-F2D9C36E0DB1}.Debug|x86.ActiveCfg = Debug|Any CPU
		{C8F191EC-FDFA-4ABF-9D56-F2D9C36E0DB1}.Debug|x86.Build.0 = Debug|Any CPU
		{C8F191EC-FDFA-4ABF-9D56-F2D9C36E0DB1}.Release|Any CPU.ActiveCfg = Release|Any CPU
		{C8F191EC-FDFA-4ABF-9D56-F2D9C36E0DB1}.Release|Any CPU.Build.0 = Release|Any CPU
		{C8F191EC-FDFA-4ABF-9D56-F2D9C36E0DB1}.Release|x64.ActiveCfg = Release|Any CPU
		{C8F191EC-FDFA-4ABF-9D56-F2D9C36E0DB1}.Release|x64.Build.0 = Release|Any CPU
		{C8F191EC-FDFA-4ABF-9D56-F2D9C36E0DB1}.Release|x86.ActiveCfg = Release|Any CPU
		{C8F191EC-FDFA-4ABF-9D56-F2D9C36E0DB1}.Release|x86.Build.0 = Release|Any CPU
		{5990AD1B-C9ED-4D2E-9057-3A47724A3DF3}.Debug|Any CPU.ActiveCfg = Debug|Any CPU
		{5990AD1B-C9ED-4D2E-9057-3A47724A3DF3}.Debug|Any CPU.Build.0 = Debug|Any CPU
		{5990AD1B-C9ED-4D2E-9057-3A47724A3DF3}.Debug|x64.ActiveCfg = Debug|Any CPU
		{5990AD1B-C9ED-4D2E-9057-3A47724A3DF3}.Debug|x64.Build.0 = Debug|Any CPU
		{5990AD1B-C9ED-4D2E-9057-3A47724A3DF3}.Debug|x86.ActiveCfg = Debug|Any CPU
		{5990AD1B-C9ED-4D2E-9057-3A47724A3DF3}.Debug|x86.Build.0 = Debug|Any CPU
		{5990AD1B-C9ED-4D2E-9057-3A47724A3DF3}.Release|Any CPU.ActiveCfg = Release|Any CPU
		{5990AD1B-C9ED-4D2E-9057-3A47724A3DF3}.Release|Any CPU.Build.0 = Release|Any CPU
		{5990AD1B-C9ED-4D2E-9057-3A47724A3DF3}.Release|x64.ActiveCfg = Release|Any CPU
		{5990AD1B-C9ED-4D2E-9057-3A47724A3DF3}.Release|x64.Build.0 = Release|Any CPU
		{5990AD1B-C9ED-4D2E-9057-3A47724A3DF3}.Release|x86.ActiveCfg = Release|Any CPU
		{5990AD1B-C9ED-4D2E-9057-3A47724A3DF3}.Release|x86.Build.0 = Release|Any CPU
		{27B769E2-CB3D-4870-A1BB-5AD482A7A939}.Debug|Any CPU.ActiveCfg = Debug|Any CPU
		{27B769E2-CB3D-4870-A1BB-5AD482A7A939}.Debug|Any CPU.Build.0 = Debug|Any CPU
		{27B769E2-CB3D-4870-A1BB-5AD482A7A939}.Debug|x64.ActiveCfg = Debug|Any CPU
		{27B769E2-CB3D-4870-A1BB-5AD482A7A939}.Debug|x64.Build.0 = Debug|Any CPU
		{27B769E2-CB3D-4870-A1BB-5AD482A7A939}.Debug|x86.ActiveCfg = Debug|Any CPU
		{27B769E2-CB3D-4870-A1BB-5AD482A7A939}.Debug|x86.Build.0 = Debug|Any CPU
		{27B769E2-CB3D-4870-A1BB-5AD482A7A939}.Release|Any CPU.ActiveCfg = Release|Any CPU
		{27B769E2-CB3D-4870-A1BB-5AD482A7A939}.Release|Any CPU.Build.0 = Release|Any CPU
		{27B769E2-CB3D-4870-A1BB-5AD482A7A939}.Release|x64.ActiveCfg = Release|Any CPU
		{27B769E2-CB3D-4870-A1BB-5AD482A7A939}.Release|x64.Build.0 = Release|Any CPU
		{27B769E2-CB3D-4870-A1BB-5AD482A7A939}.Release|x86.ActiveCfg = Release|Any CPU
		{27B769E2-CB3D-4870-A1BB-5AD482A7A939}.Release|x86.Build.0 = Release|Any CPU
	EndGlobalSection
	GlobalSection(SolutionProperties) = preSolution
		HideSolutionNode = FALSE
	EndGlobalSection
EndGlobal
